
Microsoft Visual Studio Solution File, Format Version 12.00
# Visual Studio 15
VisualStudioVersion = 15.0.27703.2042
MinimumVisualStudioVersion = 10.0.40219.1
Project("{FAE04EC0-301F-11D3-BF4B-00C04F79EFBC}") = "StatsDHelper", "StatsDHelper\StatsDHelper.csproj", "{AFA0B443-3740-48C5-A3D1-A7C340E915D8}"
EndProject
Project("{FAE04EC0-301F-11D3-BF4B-00C04F79EFBC}") = "StatsDHelper.Tests", "StatsDHelper.Tests\StatsDHelper.Tests.csproj", "{352303DD-9D03-473E-819C-6440821E6C3D}"
EndProject
Global
	GlobalSection(SolutionConfigurationPlatforms) = preSolution
		Debug|Any CPU = Debug|Any CPU
		Release 4.0|Any CPU = Release 4.0|Any CPU
		Release 4.5|Any CPU = Release 4.5|Any CPU
		Release|Any CPU = Release|Any CPU
	EndGlobalSection
	GlobalSection(ProjectConfigurationPlatforms) = postSolution
		{AFA0B443-3740-48C5-A3D1-A7C340E915D8}.Debug|Any CPU.ActiveCfg = Debug|Any CPU
		{AFA0B443-3740-48C5-A3D1-A7C340E915D8}.Debug|Any CPU.Build.0 = Debug|Any CPU
		{AFA0B443-3740-48C5-A3D1-A7C340E915D8}.Release 4.0|Any CPU.ActiveCfg = Release|Any CPU
		{AFA0B443-3740-48C5-A3D1-A7C340E915D8}.Release 4.0|Any CPU.Build.0 = Release|Any CPU
		{AFA0B443-3740-48C5-A3D1-A7C340E915D8}.Release 4.5|Any CPU.ActiveCfg = Release|Any CPU
		{AFA0B443-3740-48C5-A3D1-A7C340E915D8}.Release 4.5|Any CPU.Build.0 = Release|Any CPU
		{AFA0B443-3740-48C5-A3D1-A7C340E915D8}.Release|Any CPU.ActiveCfg = Release|Any CPU
		{AFA0B443-3740-48C5-A3D1-A7C340E915D8}.Release|Any CPU.Build.0 = Release|Any CPU
		{352303DD-9D03-473E-819C-6440821E6C3D}.Debug|Any CPU.ActiveCfg = Debug|Any CPU
		{352303DD-9D03-473E-819C-6440821E6C3D}.Debug|Any CPU.Build.0 = Debug|Any CPU
		{352303DD-9D03-473E-819C-6440821E6C3D}.Release 4.0|Any CPU.ActiveCfg = Release|Any CPU
		{352303DD-9D03-473E-819C-6440821E6C3D}.Release 4.0|Any CPU.Build.0 = Release|Any CPU
		{352303DD-9D03-473E-819C-6440821E6C3D}.Release 4.5|Any CPU.ActiveCfg = Release|Any CPU
		{352303DD-9D03-473E-819C-6440821E6C3D}.Release 4.5|Any CPU.Build.0 = Release|Any CPU
		{352303DD-9D03-473E-819C-6440821E6C3D}.Release|Any CPU.ActiveCfg = Release|Any CPU
		{352303DD-9D03-473E-819C-6440821E6C3D}.Release|Any CPU.Build.0 = Release|Any CPU
	EndGlobalSection
	GlobalSection(SolutionProperties) = preSolution
		HideSolutionNode = FALSE
	EndGlobalSection
	GlobalSection(ExtensibilityGlobals) = postSolution
		SolutionGuid = {53872B55-E85B-466A-A0DC-594ED9812E94}
	EndGlobalSection
EndGlobal
